// !$*UTF8*$!
{
	archiveVersion = 1;
	classes = {
	};
	objectVersion = 55;
	objects = {

/* Begin PBXBuildFile section */
		2C3C19A32820B65900F74A64 /* RouteCell.swift in Sources */ = {isa = PBXBuildFile; fileRef = 2C3C19A22820B65900F74A64 /* RouteCell.swift */; };
		2C3C19A52820B8BD00F74A64 /* LoadingSpinner.swift in Sources */ = {isa = PBXBuildFile; fileRef = 2C3C19A42820B8BD00F74A64 /* LoadingSpinner.swift */; };
		2C3C19A82821791900F74A64 /* RouteInstancePage.storyboard in Resources */ = {isa = PBXBuildFile; fileRef = 2C3C19A72821791900F74A64 /* RouteInstancePage.storyboard */; };
		2C3C19AA2821792E00F74A64 /* RouteInstanceViewController.swift in Sources */ = {isa = PBXBuildFile; fileRef = 2C3C19A92821792E00F74A64 /* RouteInstanceViewController.swift */; };
		2CC0B8A327E95EF60020FCAD /* Run.storyboard in Resources */ = {isa = PBXBuildFile; fileRef = 2CC0B8A227E95EF60020FCAD /* Run.storyboard */; };
		2CDEAAF727E9556A000DDA40 /* PaceView.swift in Sources */ = {isa = PBXBuildFile; fileRef = 2CDEAAF627E9556A000DDA40 /* PaceView.swift */; };
		2CDEAAF927E9557C000DDA40 /* CancelButton.swift in Sources */ = {isa = PBXBuildFile; fileRef = 2CDEAAF827E9557C000DDA40 /* CancelButton.swift */; };
		2CDEAAFB27E957D9000DDA40 /* RunViewController.swift in Sources */ = {isa = PBXBuildFile; fileRef = 2CDEAAFA27E957D9000DDA40 /* RunViewController.swift */; };
		8C035C3627E92E7E004E269B /* History.storyboard in Resources */ = {isa = PBXBuildFile; fileRef = 8C035C3527E92E7E004E269B /* History.storyboard */; };
		8C035C3827E941CA004E269B /* HistoryTableViewCell.swift in Sources */ = {isa = PBXBuildFile; fileRef = 8C035C3727E941CA004E269B /* HistoryTableViewCell.swift */; };
		8C035C3A27E945BF004E269B /* RunData.swift in Sources */ = {isa = PBXBuildFile; fileRef = 8C035C3927E945BF004E269B /* RunData.swift */; };
		8C035C3C27E94E66004E269B /* HistoryViewController.swift in Sources */ = {isa = PBXBuildFile; fileRef = 8C035C3B27E94E66004E269B /* HistoryViewController.swift */; };
		8C035C3E27EA537F004E269B /* PastRun.storyboard in Resources */ = {isa = PBXBuildFile; fileRef = 8C035C3D27EA537F004E269B /* PastRun.storyboard */; };
		8C035C4027EA5939004E269B /* PastRunViewController.swift in Sources */ = {isa = PBXBuildFile; fileRef = 8C035C3F27EA5939004E269B /* PastRunViewController.swift */; };
		8C1AA56228221AD2000E9B2E /* FriendViewController.swift in Sources */ = {isa = PBXBuildFile; fileRef = 8C1AA56128221AD2000E9B2E /* FriendViewController.swift */; };
		8C1AA56428221AEF000E9B2E /* Friend.storyboard in Resources */ = {isa = PBXBuildFile; fileRef = 8C1AA56328221AEF000E9B2E /* Friend.storyboard */; };
		8C1AA56628222D86000E9B2E /* FriendTableViewCell.swift in Sources */ = {isa = PBXBuildFile; fileRef = 8C1AA56528222D86000E9B2E /* FriendTableViewCell.swift */; };
		8CAB74AF2807641B00D96993 /* DirectionsViewController.storyboard in Resources */ = {isa = PBXBuildFile; fileRef = 8CAB74A72807641B00D96993 /* DirectionsViewController.storyboard */; };
		8CAB74B02807641B00D96993 /* RouteAnnotation.swift in Sources */ = {isa = PBXBuildFile; fileRef = 8CAB74A82807641B00D96993 /* RouteAnnotation.swift */; };
		8CAB74B12807641B00D96993 /* RouteSelectionViewController.swift in Sources */ = {isa = PBXBuildFile; fileRef = 8CAB74A92807641B00D96993 /* RouteSelectionViewController.swift */; };
		8CAB74B22807641B00D96993 /* DirectionsViewController.swift in Sources */ = {isa = PBXBuildFile; fileRef = 8CAB74AA2807641B00D96993 /* DirectionsViewController.swift */; };
		8CAB74B32807641B00D96993 /* RouteBuilder.swift in Sources */ = {isa = PBXBuildFile; fileRef = 8CAB74AB2807641B00D96993 /* RouteBuilder.swift */; };
		8CAB74B42807641B00D96993 /* route info.md in Resources */ = {isa = PBXBuildFile; fileRef = 8CAB74AC2807641B00D96993 /* route info.md */; };
		8CAB74B52807641B00D96993 /* RunCreationViewController.storyboard in Resources */ = {isa = PBXBuildFile; fileRef = 8CAB74AD2807641B00D96993 /* RunCreationViewController.storyboard */; };
		8CAB74B62807641B00D96993 /* Route.swift in Sources */ = {isa = PBXBuildFile; fileRef = 8CAB74AE2807641B00D96993 /* Route.swift */; };
		8CAB74B828077E4300D96993 /* RunCreationViewController.swift in Sources */ = {isa = PBXBuildFile; fileRef = 8CAB74B728077E4300D96993 /* RunCreationViewController.swift */; };
		8CAB74BA2807ECC900D96993 /* RouteTestingViewController.swift in Sources */ = {isa = PBXBuildFile; fileRef = 8CAB74B92807ECC900D96993 /* RouteTestingViewController.swift */; };
		8CAB74BC2808E5E800D96993 /* UserData.swift in Sources */ = {isa = PBXBuildFile; fileRef = 8CAB74BB2808E5E800D96993 /* UserData.swift */; };
		8D0CE21D27EA18F0000362A2 /* TabBar.storyboard in Resources */ = {isa = PBXBuildFile; fileRef = 8D0CE21C27EA18F0000362A2 /* TabBar.storyboard */; };
		8D19E5E627EABFC400477297 /* ProfileCollectionViewCell.swift in Sources */ = {isa = PBXBuildFile; fileRef = 8D19E5E527EABFC400477297 /* ProfileCollectionViewCell.swift */; };
		8D5B54F727E819A500BDB2AD /* Home.storyboard in Resources */ = {isa = PBXBuildFile; fileRef = 8D5B54F627E819A500BDB2AD /* Home.storyboard */; };
		8D5B54F927E81B4400BDB2AD /* HomeViewController.swift in Sources */ = {isa = PBXBuildFile; fileRef = 8D5B54F827E81B4400BDB2AD /* HomeViewController.swift */; };
		8D5F9EEE27FF6F91009C3D78 /* FirebaseAnalytics in Frameworks */ = {isa = PBXBuildFile; productRef = 8D5F9EED27FF6F91009C3D78 /* FirebaseAnalytics */; };
		8D5F9EF027FF6F91009C3D78 /* FirebaseAnalyticsSwift-Beta in Frameworks */ = {isa = PBXBuildFile; productRef = 8D5F9EEF27FF6F91009C3D78 /* FirebaseAnalyticsSwift-Beta */; };
		8D5F9EF227FF6F91009C3D78 /* FirebaseAnalyticsWithoutAdIdSupport in Frameworks */ = {isa = PBXBuildFile; productRef = 8D5F9EF127FF6F91009C3D78 /* FirebaseAnalyticsWithoutAdIdSupport */; };
		8D5F9EF427FF6F91009C3D78 /* FirebaseAppCheck in Frameworks */ = {isa = PBXBuildFile; productRef = 8D5F9EF327FF6F91009C3D78 /* FirebaseAppCheck */; };
		8D5F9EF627FF6F91009C3D78 /* FirebaseAppDistribution-Beta in Frameworks */ = {isa = PBXBuildFile; productRef = 8D5F9EF527FF6F91009C3D78 /* FirebaseAppDistribution-Beta */; };
		8D5F9EF827FF6F91009C3D78 /* FirebaseAuth in Frameworks */ = {isa = PBXBuildFile; productRef = 8D5F9EF727FF6F91009C3D78 /* FirebaseAuth */; };
		8D5F9EFA27FF6F91009C3D78 /* FirebaseAuthCombine-Community in Frameworks */ = {isa = PBXBuildFile; productRef = 8D5F9EF927FF6F91009C3D78 /* FirebaseAuthCombine-Community */; };
		8D5F9EFC27FF6F91009C3D78 /* FirebaseCrashlytics in Frameworks */ = {isa = PBXBuildFile; productRef = 8D5F9EFB27FF6F91009C3D78 /* FirebaseCrashlytics */; };
		8D5F9EFE27FF6F91009C3D78 /* FirebaseDatabase in Frameworks */ = {isa = PBXBuildFile; productRef = 8D5F9EFD27FF6F91009C3D78 /* FirebaseDatabase */; };
		8D5F9F0027FF6F91009C3D78 /* FirebaseDatabaseSwift-Beta in Frameworks */ = {isa = PBXBuildFile; productRef = 8D5F9EFF27FF6F91009C3D78 /* FirebaseDatabaseSwift-Beta */; };
		8D5F9F0227FF6F91009C3D78 /* FirebaseDynamicLinks in Frameworks */ = {isa = PBXBuildFile; productRef = 8D5F9F0127FF6F91009C3D78 /* FirebaseDynamicLinks */; };
		8D5F9F0427FF6F91009C3D78 /* FirebaseFirestore in Frameworks */ = {isa = PBXBuildFile; productRef = 8D5F9F0327FF6F91009C3D78 /* FirebaseFirestore */; };
		8D5F9F0627FF6F91009C3D78 /* FirebaseFirestoreCombine-Community in Frameworks */ = {isa = PBXBuildFile; productRef = 8D5F9F0527FF6F91009C3D78 /* FirebaseFirestoreCombine-Community */; };
		8D5F9F0827FF6F91009C3D78 /* FirebaseFirestoreSwift-Beta in Frameworks */ = {isa = PBXBuildFile; productRef = 8D5F9F0727FF6F91009C3D78 /* FirebaseFirestoreSwift-Beta */; };
		8D5F9F0A27FF6F91009C3D78 /* FirebaseFunctions in Frameworks */ = {isa = PBXBuildFile; productRef = 8D5F9F0927FF6F91009C3D78 /* FirebaseFunctions */; };
		8D5F9F0C27FF6F91009C3D78 /* FirebaseFunctionsCombine-Community in Frameworks */ = {isa = PBXBuildFile; productRef = 8D5F9F0B27FF6F91009C3D78 /* FirebaseFunctionsCombine-Community */; };
		8D5F9F0E27FF6F91009C3D78 /* FirebaseFunctionsSwift-Beta in Frameworks */ = {isa = PBXBuildFile; productRef = 8D5F9F0D27FF6F91009C3D78 /* FirebaseFunctionsSwift-Beta */; };
		8D5F9F1027FF6F91009C3D78 /* FirebaseInAppMessaging-Beta in Frameworks */ = {isa = PBXBuildFile; productRef = 8D5F9F0F27FF6F91009C3D78 /* FirebaseInAppMessaging-Beta */; };
		8D5F9F1227FF6F91009C3D78 /* FirebaseInAppMessagingSwift-Beta in Frameworks */ = {isa = PBXBuildFile; productRef = 8D5F9F1127FF6F91009C3D78 /* FirebaseInAppMessagingSwift-Beta */; };
		8D5F9F1427FF6F91009C3D78 /* FirebaseInstallations in Frameworks */ = {isa = PBXBuildFile; productRef = 8D5F9F1327FF6F91009C3D78 /* FirebaseInstallations */; };
		8D5F9F1627FF6F91009C3D78 /* FirebaseMLModelDownloader in Frameworks */ = {isa = PBXBuildFile; productRef = 8D5F9F1527FF6F91009C3D78 /* FirebaseMLModelDownloader */; };
		8D5F9F1827FF6F91009C3D78 /* FirebaseMessaging in Frameworks */ = {isa = PBXBuildFile; productRef = 8D5F9F1727FF6F91009C3D78 /* FirebaseMessaging */; };
		8D5F9F1A27FF6F91009C3D78 /* FirebasePerformance in Frameworks */ = {isa = PBXBuildFile; productRef = 8D5F9F1927FF6F91009C3D78 /* FirebasePerformance */; };
		8D5F9F1C27FF6F92009C3D78 /* FirebaseRemoteConfig in Frameworks */ = {isa = PBXBuildFile; productRef = 8D5F9F1B27FF6F92009C3D78 /* FirebaseRemoteConfig */; };
		8D5F9F1E27FF6F92009C3D78 /* FirebaseRemoteConfigSwift-Beta in Frameworks */ = {isa = PBXBuildFile; productRef = 8D5F9F1D27FF6F92009C3D78 /* FirebaseRemoteConfigSwift-Beta */; };
		8D5F9F2027FF6F92009C3D78 /* FirebaseStorage in Frameworks */ = {isa = PBXBuildFile; productRef = 8D5F9F1F27FF6F92009C3D78 /* FirebaseStorage */; };
		8D5F9F2227FF6F92009C3D78 /* FirebaseStorageCombine-Community in Frameworks */ = {isa = PBXBuildFile; productRef = 8D5F9F2127FF6F92009C3D78 /* FirebaseStorageCombine-Community */; };
		8D5F9F2427FF6F92009C3D78 /* FirebaseStorageSwift-Beta in Frameworks */ = {isa = PBXBuildFile; productRef = 8D5F9F2327FF6F92009C3D78 /* FirebaseStorageSwift-Beta */; };
		8D5F9F292800875D009C3D78 /* RegisterViewController.swift in Sources */ = {isa = PBXBuildFile; fileRef = 8D5F9F282800875D009C3D78 /* RegisterViewController.swift */; };
		8DAF5A2427EA87B30011B580 /* TabBarViewController.swift in Sources */ = {isa = PBXBuildFile; fileRef = 8DAF5A2327EA87B30011B580 /* TabBarViewController.swift */; };
		8DAF5A2627EA88720011B580 /* ProfileViewController.swift in Sources */ = {isa = PBXBuildFile; fileRef = 8DAF5A2527EA88720011B580 /* ProfileViewController.swift */; };
		8DAF5A2827EA88BA0011B580 /* Profile.storyboard in Resources */ = {isa = PBXBuildFile; fileRef = 8DAF5A2727EA88BA0011B580 /* Profile.storyboard */; };
		8DEF5BBF280871AC00CAC544 /* GoogleService-Info.plist in Resources */ = {isa = PBXBuildFile; fileRef = 8DEF5BBE280871AC00CAC544 /* GoogleService-Info.plist */; };
		FB0EE88F27E96B28005AD4F7 /* UserInterfaceStyleManager.swift in Sources */ = {isa = PBXBuildFile; fileRef = FB0EE88E27E96B28005AD4F7 /* UserInterfaceStyleManager.swift */; };
		FB0EE89127E96B3C005AD4F7 /* UserInterfaceStyleObserver.swift in Sources */ = {isa = PBXBuildFile; fileRef = FB0EE89027E96B3C005AD4F7 /* UserInterfaceStyleObserver.swift */; };
		FB0EE89327E96B52005AD4F7 /* WeakStyleObserver.swift in Sources */ = {isa = PBXBuildFile; fileRef = FB0EE89227E96B52005AD4F7 /* WeakStyleObserver.swift */; };
		FB0EE89627E97A81005AD4F7 /* StyledNavigationController.swift in Sources */ = {isa = PBXBuildFile; fileRef = FB0EE89527E97A81005AD4F7 /* StyledNavigationController.swift */; };
		FB12E1F828079E5D0008CBE5 /* TTS.swift in Sources */ = {isa = PBXBuildFile; fileRef = FB12E1F728079E5D0008CBE5 /* TTS.swift */; };
		FB27BE8B27E902E80012AB17 /* Settings.storyboard in Resources */ = {isa = PBXBuildFile; fileRef = FB27BE8A27E902E80012AB17 /* Settings.storyboard */; };
		FB27BE8D27E907DE0012AB17 /* SettingsViewController.swift in Sources */ = {isa = PBXBuildFile; fileRef = FB27BE8C27E907DE0012AB17 /* SettingsViewController.swift */; };
		FB27BE9227E90D010012AB17 /* SettingsTableViewCell.swift in Sources */ = {isa = PBXBuildFile; fileRef = FB27BE9027E90D010012AB17 /* SettingsTableViewCell.swift */; };
		FB27BE9327E90D010012AB17 /* SettingsTableViewCell.xib in Resources */ = {isa = PBXBuildFile; fileRef = FB27BE9127E90D010012AB17 /* SettingsTableViewCell.xib */; };
		FB37D23727EA59800020715D /* SwitchTableViewCell.swift in Sources */ = {isa = PBXBuildFile; fileRef = FB37D23527EA59800020715D /* SwitchTableViewCell.swift */; };
		FB37D23827EA59800020715D /* SwitchTableViewCell.xib in Resources */ = {isa = PBXBuildFile; fileRef = FB37D23627EA59800020715D /* SwitchTableViewCell.xib */; };
		FB9405B627D7E7B0009DB256 /* AppDelegate.swift in Sources */ = {isa = PBXBuildFile; fileRef = FB9405B527D7E7B0009DB256 /* AppDelegate.swift */; };
		FB9405B827D7E7B0009DB256 /* SceneDelegate.swift in Sources */ = {isa = PBXBuildFile; fileRef = FB9405B727D7E7B0009DB256 /* SceneDelegate.swift */; };
		FB9405BA27D7E7B0009DB256 /* ViewController.swift in Sources */ = {isa = PBXBuildFile; fileRef = FB9405B927D7E7B0009DB256 /* ViewController.swift */; };
		FB9405BD27D7E7B0009DB256 /* Main.storyboard in Resources */ = {isa = PBXBuildFile; fileRef = FB9405BB27D7E7B0009DB256 /* Main.storyboard */; };
		FB9405C027D7E7B0009DB256 /* Route_Runner.xcdatamodeld in Sources */ = {isa = PBXBuildFile; fileRef = FB9405BE27D7E7B0009DB256 /* Route_Runner.xcdatamodeld */; };
		FB9405C227D7E7B1009DB256 /* Assets.xcassets in Resources */ = {isa = PBXBuildFile; fileRef = FB9405C127D7E7B1009DB256 /* Assets.xcassets */; };
		FB9405C527D7E7B1009DB256 /* LaunchScreen.storyboard in Resources */ = {isa = PBXBuildFile; fileRef = FB9405C327D7E7B1009DB256 /* LaunchScreen.storyboard */; };
		FBED8A1B27EAA37500CCDBA5 /* ProfileSettingsViewController.swift in Sources */ = {isa = PBXBuildFile; fileRef = FBED8A1A27EAA37500CCDBA5 /* ProfileSettingsViewController.swift */; };
		FBED8A1E27EAA3F200CCDBA5 /* EditableTableViewCell.swift in Sources */ = {isa = PBXBuildFile; fileRef = FBED8A1C27EAA3F200CCDBA5 /* EditableTableViewCell.swift */; };
		FBED8A1F27EAA3F200CCDBA5 /* EditableTableViewCell.xib in Resources */ = {isa = PBXBuildFile; fileRef = FBED8A1D27EAA3F200CCDBA5 /* EditableTableViewCell.xib */; };
/* End PBXBuildFile section */

/* Begin PBXFileReference section */
		2C3C19A22820B65900F74A64 /* RouteCell.swift */ = {isa = PBXFileReference; lastKnownFileType = sourcecode.swift; path = RouteCell.swift; sourceTree = "<group>"; };
		2C3C19A42820B8BD00F74A64 /* LoadingSpinner.swift */ = {isa = PBXFileReference; lastKnownFileType = sourcecode.swift; path = LoadingSpinner.swift; sourceTree = "<group>"; };
		2C3C19A72821791900F74A64 /* RouteInstancePage.storyboard */ = {isa = PBXFileReference; lastKnownFileType = file.storyboard; path = RouteInstancePage.storyboard; sourceTree = "<group>"; };
		2C3C19A92821792E00F74A64 /* RouteInstanceViewController.swift */ = {isa = PBXFileReference; lastKnownFileType = sourcecode.swift; path = RouteInstanceViewController.swift; sourceTree = "<group>"; };
		2CC0B8A227E95EF60020FCAD /* Run.storyboard */ = {isa = PBXFileReference; fileEncoding = 4; lastKnownFileType = file.storyboard; path = Run.storyboard; sourceTree = "<group>"; };
		2CDEAAF627E9556A000DDA40 /* PaceView.swift */ = {isa = PBXFileReference; fileEncoding = 4; lastKnownFileType = sourcecode.swift; path = PaceView.swift; sourceTree = "<group>"; };
		2CDEAAF827E9557C000DDA40 /* CancelButton.swift */ = {isa = PBXFileReference; fileEncoding = 4; lastKnownFileType = sourcecode.swift; path = CancelButton.swift; sourceTree = "<group>"; };
		2CDEAAFA27E957D9000DDA40 /* RunViewController.swift */ = {isa = PBXFileReference; lastKnownFileType = sourcecode.swift; path = RunViewController.swift; sourceTree = "<group>"; };
		8C035C3527E92E7E004E269B /* History.storyboard */ = {isa = PBXFileReference; lastKnownFileType = file.storyboard; path = History.storyboard; sourceTree = "<group>"; };
		8C035C3727E941CA004E269B /* HistoryTableViewCell.swift */ = {isa = PBXFileReference; lastKnownFileType = sourcecode.swift; path = HistoryTableViewCell.swift; sourceTree = "<group>"; };
		8C035C3927E945BF004E269B /* RunData.swift */ = {isa = PBXFileReference; lastKnownFileType = sourcecode.swift; path = RunData.swift; sourceTree = "<group>"; };
		8C035C3B27E94E66004E269B /* HistoryViewController.swift */ = {isa = PBXFileReference; lastKnownFileType = sourcecode.swift; path = HistoryViewController.swift; sourceTree = "<group>"; };
		8C035C3D27EA537F004E269B /* PastRun.storyboard */ = {isa = PBXFileReference; lastKnownFileType = file.storyboard; path = PastRun.storyboard; sourceTree = "<group>"; };
		8C035C3F27EA5939004E269B /* PastRunViewController.swift */ = {isa = PBXFileReference; lastKnownFileType = sourcecode.swift; path = PastRunViewController.swift; sourceTree = "<group>"; };
		8C1AA56128221AD2000E9B2E /* FriendViewController.swift */ = {isa = PBXFileReference; lastKnownFileType = sourcecode.swift; path = FriendViewController.swift; sourceTree = "<group>"; };
		8C1AA56328221AEF000E9B2E /* Friend.storyboard */ = {isa = PBXFileReference; lastKnownFileType = file.storyboard; path = Friend.storyboard; sourceTree = "<group>"; };
		8C1AA56528222D86000E9B2E /* FriendTableViewCell.swift */ = {isa = PBXFileReference; lastKnownFileType = sourcecode.swift; path = FriendTableViewCell.swift; sourceTree = "<group>"; };
		8CAB74A72807641B00D96993 /* DirectionsViewController.storyboard */ = {isa = PBXFileReference; fileEncoding = 4; lastKnownFileType = file.storyboard; path = DirectionsViewController.storyboard; sourceTree = "<group>"; };
		8CAB74A82807641B00D96993 /* RouteAnnotation.swift */ = {isa = PBXFileReference; fileEncoding = 4; lastKnownFileType = sourcecode.swift; path = RouteAnnotation.swift; sourceTree = "<group>"; };
		8CAB74A92807641B00D96993 /* RouteSelectionViewController.swift */ = {isa = PBXFileReference; fileEncoding = 4; lastKnownFileType = sourcecode.swift; path = RouteSelectionViewController.swift; sourceTree = "<group>"; };
		8CAB74AA2807641B00D96993 /* DirectionsViewController.swift */ = {isa = PBXFileReference; fileEncoding = 4; lastKnownFileType = sourcecode.swift; path = DirectionsViewController.swift; sourceTree = "<group>"; };
		8CAB74AB2807641B00D96993 /* RouteBuilder.swift */ = {isa = PBXFileReference; fileEncoding = 4; lastKnownFileType = sourcecode.swift; path = RouteBuilder.swift; sourceTree = "<group>"; };
		8CAB74AC2807641B00D96993 /* route info.md */ = {isa = PBXFileReference; fileEncoding = 4; lastKnownFileType = net.daringfireball.markdown; path = "route info.md"; sourceTree = "<group>"; };
		8CAB74AD2807641B00D96993 /* RunCreationViewController.storyboard */ = {isa = PBXFileReference; fileEncoding = 4; lastKnownFileType = file.storyboard; path = RunCreationViewController.storyboard; sourceTree = "<group>"; };
		8CAB74AE2807641B00D96993 /* Route.swift */ = {isa = PBXFileReference; fileEncoding = 4; lastKnownFileType = sourcecode.swift; path = Route.swift; sourceTree = "<group>"; };
		8CAB74B728077E4300D96993 /* RunCreationViewController.swift */ = {isa = PBXFileReference; lastKnownFileType = sourcecode.swift; path = RunCreationViewController.swift; sourceTree = "<group>"; };
		8CAB74B92807ECC900D96993 /* RouteTestingViewController.swift */ = {isa = PBXFileReference; lastKnownFileType = sourcecode.swift; path = RouteTestingViewController.swift; sourceTree = "<group>"; };
		8CAB74BB2808E5E800D96993 /* UserData.swift */ = {isa = PBXFileReference; lastKnownFileType = sourcecode.swift; path = UserData.swift; sourceTree = "<group>"; };
		8D0CE21C27EA18F0000362A2 /* TabBar.storyboard */ = {isa = PBXFileReference; lastKnownFileType = file.storyboard; path = TabBar.storyboard; sourceTree = "<group>"; };
		8D19E5E527EABFC400477297 /* ProfileCollectionViewCell.swift */ = {isa = PBXFileReference; lastKnownFileType = sourcecode.swift; path = ProfileCollectionViewCell.swift; sourceTree = "<group>"; };
		8D5B54F627E819A500BDB2AD /* Home.storyboard */ = {isa = PBXFileReference; lastKnownFileType = file.storyboard; path = Home.storyboard; sourceTree = "<group>"; };
		8D5B54F827E81B4400BDB2AD /* HomeViewController.swift */ = {isa = PBXFileReference; lastKnownFileType = sourcecode.swift; path = HomeViewController.swift; sourceTree = "<group>"; };
		8D5F9F282800875D009C3D78 /* RegisterViewController.swift */ = {isa = PBXFileReference; lastKnownFileType = sourcecode.swift; path = RegisterViewController.swift; sourceTree = "<group>"; };
		8DAF5A2327EA87B30011B580 /* TabBarViewController.swift */ = {isa = PBXFileReference; lastKnownFileType = sourcecode.swift; path = TabBarViewController.swift; sourceTree = "<group>"; };
		8DAF5A2527EA88720011B580 /* ProfileViewController.swift */ = {isa = PBXFileReference; lastKnownFileType = sourcecode.swift; path = ProfileViewController.swift; sourceTree = "<group>"; };
		8DAF5A2727EA88BA0011B580 /* Profile.storyboard */ = {isa = PBXFileReference; fileEncoding = 4; lastKnownFileType = file.storyboard; path = Profile.storyboard; sourceTree = "<group>"; };
		8DEF5BBE280871AC00CAC544 /* GoogleService-Info.plist */ = {isa = PBXFileReference; fileEncoding = 4; lastKnownFileType = text.plist.xml; path = "GoogleService-Info.plist"; sourceTree = "<group>"; };
		FB0EE88E27E96B28005AD4F7 /* UserInterfaceStyleManager.swift */ = {isa = PBXFileReference; lastKnownFileType = sourcecode.swift; path = UserInterfaceStyleManager.swift; sourceTree = "<group>"; };
		FB0EE89027E96B3C005AD4F7 /* UserInterfaceStyleObserver.swift */ = {isa = PBXFileReference; lastKnownFileType = sourcecode.swift; path = UserInterfaceStyleObserver.swift; sourceTree = "<group>"; };
		FB0EE89227E96B52005AD4F7 /* WeakStyleObserver.swift */ = {isa = PBXFileReference; lastKnownFileType = sourcecode.swift; path = WeakStyleObserver.swift; sourceTree = "<group>"; };
		FB0EE89527E97A81005AD4F7 /* StyledNavigationController.swift */ = {isa = PBXFileReference; lastKnownFileType = sourcecode.swift; path = StyledNavigationController.swift; sourceTree = "<group>"; };
		FB12E1F728079E5D0008CBE5 /* TTS.swift */ = {isa = PBXFileReference; lastKnownFileType = sourcecode.swift; path = TTS.swift; sourceTree = "<group>"; };
		FB27BE8A27E902E80012AB17 /* Settings.storyboard */ = {isa = PBXFileReference; fileEncoding = 4; lastKnownFileType = file.storyboard; path = Settings.storyboard; sourceTree = "<group>"; };
		FB27BE8C27E907DE0012AB17 /* SettingsViewController.swift */ = {isa = PBXFileReference; lastKnownFileType = sourcecode.swift; path = SettingsViewController.swift; sourceTree = "<group>"; };
		FB27BE9027E90D010012AB17 /* SettingsTableViewCell.swift */ = {isa = PBXFileReference; lastKnownFileType = sourcecode.swift; path = SettingsTableViewCell.swift; sourceTree = "<group>"; };
		FB27BE9127E90D010012AB17 /* SettingsTableViewCell.xib */ = {isa = PBXFileReference; lastKnownFileType = file.xib; path = SettingsTableViewCell.xib; sourceTree = "<group>"; };
		FB37D23527EA59800020715D /* SwitchTableViewCell.swift */ = {isa = PBXFileReference; lastKnownFileType = sourcecode.swift; path = SwitchTableViewCell.swift; sourceTree = "<group>"; };
		FB37D23627EA59800020715D /* SwitchTableViewCell.xib */ = {isa = PBXFileReference; lastKnownFileType = file.xib; path = SwitchTableViewCell.xib; sourceTree = "<group>"; };
		FB9405B227D7E7B0009DB256 /* Route Runner.app */ = {isa = PBXFileReference; explicitFileType = wrapper.application; includeInIndex = 0; path = "Route Runner.app"; sourceTree = BUILT_PRODUCTS_DIR; };
		FB9405B527D7E7B0009DB256 /* AppDelegate.swift */ = {isa = PBXFileReference; lastKnownFileType = sourcecode.swift; path = AppDelegate.swift; sourceTree = "<group>"; };
		FB9405B727D7E7B0009DB256 /* SceneDelegate.swift */ = {isa = PBXFileReference; lastKnownFileType = sourcecode.swift; path = SceneDelegate.swift; sourceTree = "<group>"; };
		FB9405B927D7E7B0009DB256 /* ViewController.swift */ = {isa = PBXFileReference; lastKnownFileType = sourcecode.swift; path = ViewController.swift; sourceTree = "<group>"; };
		FB9405BC27D7E7B0009DB256 /* Base */ = {isa = PBXFileReference; lastKnownFileType = file.storyboard; name = Base; path = Base.lproj/Main.storyboard; sourceTree = "<group>"; };
		FB9405BF27D7E7B0009DB256 /* Route_Runner.xcdatamodel */ = {isa = PBXFileReference; lastKnownFileType = wrapper.xcdatamodel; path = Route_Runner.xcdatamodel; sourceTree = "<group>"; };
		FB9405C127D7E7B1009DB256 /* Assets.xcassets */ = {isa = PBXFileReference; lastKnownFileType = folder.assetcatalog; path = Assets.xcassets; sourceTree = "<group>"; };
		FB9405C427D7E7B1009DB256 /* Base */ = {isa = PBXFileReference; lastKnownFileType = file.storyboard; name = Base; path = Base.lproj/LaunchScreen.storyboard; sourceTree = "<group>"; };
		FB9405C627D7E7B1009DB256 /* Info.plist */ = {isa = PBXFileReference; lastKnownFileType = text.plist.xml; path = Info.plist; sourceTree = "<group>"; };
		FBED8A1A27EAA37500CCDBA5 /* ProfileSettingsViewController.swift */ = {isa = PBXFileReference; lastKnownFileType = sourcecode.swift; path = ProfileSettingsViewController.swift; sourceTree = "<group>"; };
		FBED8A1C27EAA3F200CCDBA5 /* EditableTableViewCell.swift */ = {isa = PBXFileReference; lastKnownFileType = sourcecode.swift; path = EditableTableViewCell.swift; sourceTree = "<group>"; };
		FBED8A1D27EAA3F200CCDBA5 /* EditableTableViewCell.xib */ = {isa = PBXFileReference; lastKnownFileType = file.xib; path = EditableTableViewCell.xib; sourceTree = "<group>"; };
/* End PBXFileReference section */

/* Begin PBXFrameworksBuildPhase section */
		FB9405AF27D7E7B0009DB256 /* Frameworks */ = {
			isa = PBXFrameworksBuildPhase;
			buildActionMask = 2147483647;
			files = (
				8D5F9F0627FF6F91009C3D78 /* FirebaseFirestoreCombine-Community in Frameworks */,
				8D5F9F0027FF6F91009C3D78 /* FirebaseDatabaseSwift-Beta in Frameworks */,
				8D5F9F0227FF6F91009C3D78 /* FirebaseDynamicLinks in Frameworks */,
				8D5F9EF427FF6F91009C3D78 /* FirebaseAppCheck in Frameworks */,
				8D5F9EF827FF6F91009C3D78 /* FirebaseAuth in Frameworks */,
				8D5F9F2427FF6F92009C3D78 /* FirebaseStorageSwift-Beta in Frameworks */,
				8D5F9EF027FF6F91009C3D78 /* FirebaseAnalyticsSwift-Beta in Frameworks */,
				8D5F9F1E27FF6F92009C3D78 /* FirebaseRemoteConfigSwift-Beta in Frameworks */,
				8D5F9F1627FF6F91009C3D78 /* FirebaseMLModelDownloader in Frameworks */,
				8D5F9F0427FF6F91009C3D78 /* FirebaseFirestore in Frameworks */,
				8D5F9F0C27FF6F91009C3D78 /* FirebaseFunctionsCombine-Community in Frameworks */,
				8D5F9EF627FF6F91009C3D78 /* FirebaseAppDistribution-Beta in Frameworks */,
				8D5F9EF227FF6F91009C3D78 /* FirebaseAnalyticsWithoutAdIdSupport in Frameworks */,
				8D5F9F0827FF6F91009C3D78 /* FirebaseFirestoreSwift-Beta in Frameworks */,
				8D5F9F1027FF6F91009C3D78 /* FirebaseInAppMessaging-Beta in Frameworks */,
				8D5F9EFC27FF6F91009C3D78 /* FirebaseCrashlytics in Frameworks */,
				8D5F9EFE27FF6F91009C3D78 /* FirebaseDatabase in Frameworks */,
				8D5F9F2227FF6F92009C3D78 /* FirebaseStorageCombine-Community in Frameworks */,
				8D5F9F1C27FF6F92009C3D78 /* FirebaseRemoteConfig in Frameworks */,
				8D5F9F0E27FF6F91009C3D78 /* FirebaseFunctionsSwift-Beta in Frameworks */,
				8D5F9F0A27FF6F91009C3D78 /* FirebaseFunctions in Frameworks */,
				8D5F9F1A27FF6F91009C3D78 /* FirebasePerformance in Frameworks */,
				8D5F9F1227FF6F91009C3D78 /* FirebaseInAppMessagingSwift-Beta in Frameworks */,
				8D5F9F2027FF6F92009C3D78 /* FirebaseStorage in Frameworks */,
				8D5F9EFA27FF6F91009C3D78 /* FirebaseAuthCombine-Community in Frameworks */,
				8D5F9EEE27FF6F91009C3D78 /* FirebaseAnalytics in Frameworks */,
				8D5F9F1827FF6F91009C3D78 /* FirebaseMessaging in Frameworks */,
				8D5F9F1427FF6F91009C3D78 /* FirebaseInstallations in Frameworks */,
			);
			runOnlyForDeploymentPostprocessing = 0;
		};
/* End PBXFrameworksBuildPhase section */

/* Begin PBXGroup section */
		2C3C19A6282178C600F74A64 /* Route Instance Page */ = {
			isa = PBXGroup;
			children = (
				2C3C19A72821791900F74A64 /* RouteInstancePage.storyboard */,
				2C3C19A92821792E00F74A64 /* RouteInstanceViewController.swift */,
			);
			path = "Route Instance Page";
			sourceTree = "<group>";
		};
		8C1AA56028221A86000E9B2E /* Friend Screen */ = {
			isa = PBXGroup;
			children = (
				8C1AA56128221AD2000E9B2E /* FriendViewController.swift */,
				8C1AA56328221AEF000E9B2E /* Friend.storyboard */,
				8C1AA56528222D86000E9B2E /* FriendTableViewCell.swift */,
			);
			path = "Friend Screen";
			sourceTree = "<group>";
		};
		8CAB74A62807641B00D96993 /* Route Algo */ = {
			isa = PBXGroup;
			children = (
				8CAB74A72807641B00D96993 /* DirectionsViewController.storyboard */,
				8CAB74A82807641B00D96993 /* RouteAnnotation.swift */,
				8CAB74A92807641B00D96993 /* RouteSelectionViewController.swift */,
				8CAB74AA2807641B00D96993 /* DirectionsViewController.swift */,
				8CAB74B728077E4300D96993 /* RunCreationViewController.swift */,
				8CAB74AB2807641B00D96993 /* RouteBuilder.swift */,
				8CAB74AC2807641B00D96993 /* route info.md */,
				8CAB74AD2807641B00D96993 /* RunCreationViewController.storyboard */,
				8CAB74B92807ECC900D96993 /* RouteTestingViewController.swift */,
				8CAB74AE2807641B00D96993 /* Route.swift */,
			);
			path = "Route Algo";
			sourceTree = "<group>";
		};
		8CAB74BD2808E5F900D96993 /* Data Classes */ = {
			isa = PBXGroup;
			children = (
				8CAB74BB2808E5E800D96993 /* UserData.swift */,
			);
			path = "Data Classes";
			sourceTree = "<group>";
		};
		8DAF5A2927EA8B490011B580 /* Profile Screen */ = {
			isa = PBXGroup;
			children = (
				8DAF5A2527EA88720011B580 /* ProfileViewController.swift */,
				8DAF5A2727EA88BA0011B580 /* Profile.storyboard */,
				8D19E5E527EABFC400477297 /* ProfileCollectionViewCell.swift */,
			);
			path = "Profile Screen";
			sourceTree = "<group>";
		};
		FB0EE89427E96B5E005AD4F7 /* Observers */ = {
			isa = PBXGroup;
			children = (
				FB0EE88E27E96B28005AD4F7 /* UserInterfaceStyleManager.swift */,
				FB0EE89027E96B3C005AD4F7 /* UserInterfaceStyleObserver.swift */,
				FB0EE89227E96B52005AD4F7 /* WeakStyleObserver.swift */,
				FB0EE89527E97A81005AD4F7 /* StyledNavigationController.swift */,
			);
			path = Observers;
			sourceTree = "<group>";
		};
		FB12E1F628079E3C0008CBE5 /* TextToSpeech */ = {
			isa = PBXGroup;
			children = (
				FB12E1F728079E5D0008CBE5 /* TTS.swift */,
			);
			path = TextToSpeech;
			sourceTree = "<group>";
		};
		FB37D22F27EA3F7A0020715D /* Home Screen */ = {
			isa = PBXGroup;
			children = (
				8D5B54F627E819A500BDB2AD /* Home.storyboard */,
				8D5B54F827E81B4400BDB2AD /* HomeViewController.swift */,
				2C3C19A22820B65900F74A64 /* RouteCell.swift */,
				2C3C19A42820B8BD00F74A64 /* LoadingSpinner.swift */,
			);
			path = "Home Screen";
			sourceTree = "<group>";
		};
		FB37D23127EA3FB30020715D /* Run Screen */ = {
			isa = PBXGroup;
			children = (
				2CC0B8A227E95EF60020FCAD /* Run.storyboard */,
				2CDEAAFA27E957D9000DDA40 /* RunViewController.swift */,
				2CDEAAF627E9556A000DDA40 /* PaceView.swift */,
				2CDEAAF827E9557C000DDA40 /* CancelButton.swift */,
				8C035C3927E945BF004E269B /* RunData.swift */,
			);
			path = "Run Screen";
			sourceTree = "<group>";
		};
		FB37D23327EA402D0020715D /* History Screen */ = {
			isa = PBXGroup;
			children = (
				8C035C3527E92E7E004E269B /* History.storyboard */,
				8C035C3D27EA537F004E269B /* PastRun.storyboard */,
				8C035C3F27EA5939004E269B /* PastRunViewController.swift */,
				8C035C3B27E94E66004E269B /* HistoryViewController.swift */,
				8C035C3727E941CA004E269B /* HistoryTableViewCell.swift */,
			);
			path = "History Screen";
			sourceTree = "<group>";
		};
		FB37D23427EA40510020715D /* Settings Screen */ = {
			isa = PBXGroup;
			children = (
				FB27BE8A27E902E80012AB17 /* Settings.storyboard */,
				FB27BE8C27E907DE0012AB17 /* SettingsViewController.swift */,
				FBED8A1A27EAA37500CCDBA5 /* ProfileSettingsViewController.swift */,
				FBED8A1D27EAA3F200CCDBA5 /* EditableTableViewCell.xib */,
				FBED8A1C27EAA3F200CCDBA5 /* EditableTableViewCell.swift */,
				FB27BE9127E90D010012AB17 /* SettingsTableViewCell.xib */,
				FB27BE9027E90D010012AB17 /* SettingsTableViewCell.swift */,
				FB37D23627EA59800020715D /* SwitchTableViewCell.xib */,
				FB37D23527EA59800020715D /* SwitchTableViewCell.swift */,
			);
			path = "Settings Screen";
			sourceTree = "<group>";
		};
		FB9405A927D7E7B0009DB256 = {
			isa = PBXGroup;
			children = (
				FB9405B427D7E7B0009DB256 /* Route Runner */,
				FB9405B327D7E7B0009DB256 /* Products */,
			);
			sourceTree = "<group>";
		};
		FB9405B327D7E7B0009DB256 /* Products */ = {
			isa = PBXGroup;
			children = (
				FB9405B227D7E7B0009DB256 /* Route Runner.app */,
			);
			name = Products;
			sourceTree = "<group>";
		};
		FB9405B427D7E7B0009DB256 /* Route Runner */ = {
			isa = PBXGroup;
			children = (
				8C1AA56028221A86000E9B2E /* Friend Screen */,
				FB9405B527D7E7B0009DB256 /* AppDelegate.swift */,
				FB9405B727D7E7B0009DB256 /* SceneDelegate.swift */,
				FB9405B927D7E7B0009DB256 /* ViewController.swift */,
				8D5F9F282800875D009C3D78 /* RegisterViewController.swift */,
				FB9405BB27D7E7B0009DB256 /* Main.storyboard */,
				FB9405C327D7E7B1009DB256 /* LaunchScreen.storyboard */,
				8D0CE21C27EA18F0000362A2 /* TabBar.storyboard */,
				8DAF5A2327EA87B30011B580 /* TabBarViewController.swift */,
				8CAB74BD2808E5F900D96993 /* Data Classes */,
				8CAB74A62807641B00D96993 /* Route Algo */,
				2C3C19A6282178C600F74A64 /* Route Instance Page */,
				FB37D22F27EA3F7A0020715D /* Home Screen */,
				FB37D23127EA3FB30020715D /* Run Screen */,
				FB37D23327EA402D0020715D /* History Screen */,
				FB37D23427EA40510020715D /* Settings Screen */,
				8DAF5A2927EA8B490011B580 /* Profile Screen */,
				FB0EE89427E96B5E005AD4F7 /* Observers */,
				FB12E1F628079E3C0008CBE5 /* TextToSpeech */,
				FB9405C127D7E7B1009DB256 /* Assets.xcassets */,
				8DEF5BBE280871AC00CAC544 /* GoogleService-Info.plist */,
				FB9405C627D7E7B1009DB256 /* Info.plist */,
				FB9405BE27D7E7B0009DB256 /* Route_Runner.xcdatamodeld */,
			);
			path = "Route Runner";
			sourceTree = "<group>";
		};
/* End PBXGroup section */

/* Begin PBXNativeTarget section */
		FB9405B127D7E7B0009DB256 /* Route Runner */ = {
			isa = PBXNativeTarget;
			buildConfigurationList = FB9405C927D7E7B1009DB256 /* Build configuration list for PBXNativeTarget "Route Runner" */;
			buildPhases = (
				FB9405AE27D7E7B0009DB256 /* Sources */,
				FB9405AF27D7E7B0009DB256 /* Frameworks */,
				FB9405B027D7E7B0009DB256 /* Resources */,
			);
			buildRules = (
			);
			dependencies = (
			);
			name = "Route Runner";
			packageProductDependencies = (
				8D5F9EED27FF6F91009C3D78 /* FirebaseAnalytics */,
				8D5F9EEF27FF6F91009C3D78 /* FirebaseAnalyticsSwift-Beta */,
				8D5F9EF127FF6F91009C3D78 /* FirebaseAnalyticsWithoutAdIdSupport */,
				8D5F9EF327FF6F91009C3D78 /* FirebaseAppCheck */,
				8D5F9EF527FF6F91009C3D78 /* FirebaseAppDistribution-Beta */,
				8D5F9EF727FF6F91009C3D78 /* FirebaseAuth */,
				8D5F9EF927FF6F91009C3D78 /* FirebaseAuthCombine-Community */,
				8D5F9EFB27FF6F91009C3D78 /* FirebaseCrashlytics */,
				8D5F9EFD27FF6F91009C3D78 /* FirebaseDatabase */,
				8D5F9EFF27FF6F91009C3D78 /* FirebaseDatabaseSwift-Beta */,
				8D5F9F0127FF6F91009C3D78 /* FirebaseDynamicLinks */,
				8D5F9F0327FF6F91009C3D78 /* FirebaseFirestore */,
				8D5F9F0527FF6F91009C3D78 /* FirebaseFirestoreCombine-Community */,
				8D5F9F0727FF6F91009C3D78 /* FirebaseFirestoreSwift-Beta */,
				8D5F9F0927FF6F91009C3D78 /* FirebaseFunctions */,
				8D5F9F0B27FF6F91009C3D78 /* FirebaseFunctionsCombine-Community */,
				8D5F9F0D27FF6F91009C3D78 /* FirebaseFunctionsSwift-Beta */,
				8D5F9F0F27FF6F91009C3D78 /* FirebaseInAppMessaging-Beta */,
				8D5F9F1127FF6F91009C3D78 /* FirebaseInAppMessagingSwift-Beta */,
				8D5F9F1327FF6F91009C3D78 /* FirebaseInstallations */,
				8D5F9F1527FF6F91009C3D78 /* FirebaseMLModelDownloader */,
				8D5F9F1727FF6F91009C3D78 /* FirebaseMessaging */,
				8D5F9F1927FF6F91009C3D78 /* FirebasePerformance */,
				8D5F9F1B27FF6F92009C3D78 /* FirebaseRemoteConfig */,
				8D5F9F1D27FF6F92009C3D78 /* FirebaseRemoteConfigSwift-Beta */,
				8D5F9F1F27FF6F92009C3D78 /* FirebaseStorage */,
				8D5F9F2127FF6F92009C3D78 /* FirebaseStorageCombine-Community */,
				8D5F9F2327FF6F92009C3D78 /* FirebaseStorageSwift-Beta */,
			);
			productName = "Route Runner";
			productReference = FB9405B227D7E7B0009DB256 /* Route Runner.app */;
			productType = "com.apple.product-type.application";
		};
/* End PBXNativeTarget section */

/* Begin PBXProject section */
		FB9405AA27D7E7B0009DB256 /* Project object */ = {
			isa = PBXProject;
			attributes = {
				BuildIndependentTargetsInParallel = 1;
				LastSwiftUpdateCheck = 1300;
				LastUpgradeCheck = 1300;
				TargetAttributes = {
					FB9405B127D7E7B0009DB256 = {
						CreatedOnToolsVersion = 13.0;
					};
				};
			};
			buildConfigurationList = FB9405AD27D7E7B0009DB256 /* Build configuration list for PBXProject "Route Runner" */;
			compatibilityVersion = "Xcode 13.0";
			developmentRegion = en;
			hasScannedForEncodings = 0;
			knownRegions = (
				en,
				Base,
			);
			mainGroup = FB9405A927D7E7B0009DB256;
			packageReferences = (
				8D5F9EEC27FF6F91009C3D78 /* XCRemoteSwiftPackageReference "firebase-ios-sdk" */,
			);
			productRefGroup = FB9405B327D7E7B0009DB256 /* Products */;
			projectDirPath = "";
			projectRoot = "";
			targets = (
				FB9405B127D7E7B0009DB256 /* Route Runner */,
			);
		};
/* End PBXProject section */

/* Begin PBXResourcesBuildPhase section */
		FB9405B027D7E7B0009DB256 /* Resources */ = {
			isa = PBXResourcesBuildPhase;
			buildActionMask = 2147483647;
			files = (
				FB27BE9327E90D010012AB17 /* SettingsTableViewCell.xib in Resources */,
				FB37D23827EA59800020715D /* SwitchTableViewCell.xib in Resources */,
				8D0CE21D27EA18F0000362A2 /* TabBar.storyboard in Resources */,
				FB9405C527D7E7B1009DB256 /* LaunchScreen.storyboard in Resources */,
				8CAB74B52807641B00D96993 /* RunCreationViewController.storyboard in Resources */,
				8C035C3627E92E7E004E269B /* History.storyboard in Resources */,
				8C035C3E27EA537F004E269B /* PastRun.storyboard in Resources */,
				8DAF5A2827EA88BA0011B580 /* Profile.storyboard in Resources */,
				2C3C19A82821791900F74A64 /* RouteInstancePage.storyboard in Resources */,
				2CC0B8A327E95EF60020FCAD /* Run.storyboard in Resources */,
				8C1AA56428221AEF000E9B2E /* Friend.storyboard in Resources */,
				FBED8A1F27EAA3F200CCDBA5 /* EditableTableViewCell.xib in Resources */,
				8CAB74AF2807641B00D96993 /* DirectionsViewController.storyboard in Resources */,
				FB9405C227D7E7B1009DB256 /* Assets.xcassets in Resources */,
				FB9405BD27D7E7B0009DB256 /* Main.storyboard in Resources */,
				8D5B54F727E819A500BDB2AD /* Home.storyboard in Resources */,
				FB27BE8B27E902E80012AB17 /* Settings.storyboard in Resources */,
				8DEF5BBF280871AC00CAC544 /* GoogleService-Info.plist in Resources */,
				8CAB74B42807641B00D96993 /* route info.md in Resources */,
			);
			runOnlyForDeploymentPostprocessing = 0;
		};
/* End PBXResourcesBuildPhase section */

/* Begin PBXSourcesBuildPhase section */
		FB9405AE27D7E7B0009DB256 /* Sources */ = {
			isa = PBXSourcesBuildPhase;
			buildActionMask = 2147483647;
			files = (
				FB0EE89127E96B3C005AD4F7 /* UserInterfaceStyleObserver.swift in Sources */,
				8D5B54F927E81B4400BDB2AD /* HomeViewController.swift in Sources */,
				FB9405BA27D7E7B0009DB256 /* ViewController.swift in Sources */,
				FB0EE89327E96B52005AD4F7 /* WeakStyleObserver.swift in Sources */,
				8CAB74B62807641B00D96993 /* Route.swift in Sources */,
				8C035C3A27E945BF004E269B /* RunData.swift in Sources */,
				FB37D23727EA59800020715D /* SwitchTableViewCell.swift in Sources */,
				8C035C3C27E94E66004E269B /* HistoryViewController.swift in Sources */,
				FBED8A1B27EAA37500CCDBA5 /* ProfileSettingsViewController.swift in Sources */,
				FB0EE88F27E96B28005AD4F7 /* UserInterfaceStyleManager.swift in Sources */,
				8DAF5A2427EA87B30011B580 /* TabBarViewController.swift in Sources */,
				8D19E5E627EABFC400477297 /* ProfileCollectionViewCell.swift in Sources */,
				2C3C19AA2821792E00F74A64 /* RouteInstanceViewController.swift in Sources */,
				8C035C3827E941CA004E269B /* HistoryTableViewCell.swift in Sources */,
				8CAB74BA2807ECC900D96993 /* RouteTestingViewController.swift in Sources */,
				8CAB74B828077E4300D96993 /* RunCreationViewController.swift in Sources */,
				2CDEAAF927E9557C000DDA40 /* CancelButton.swift in Sources */,
				FB12E1F828079E5D0008CBE5 /* TTS.swift in Sources */,
				8CAB74B02807641B00D96993 /* RouteAnnotation.swift in Sources */,
				FBED8A1E27EAA3F200CCDBA5 /* EditableTableViewCell.swift in Sources */,
				FB9405C027D7E7B0009DB256 /* Route_Runner.xcdatamodeld in Sources */,
				2C3C19A52820B8BD00F74A64 /* LoadingSpinner.swift in Sources */,
				8C1AA56228221AD2000E9B2E /* FriendViewController.swift in Sources */,
				8CAB74B22807641B00D96993 /* DirectionsViewController.swift in Sources */,
				2CDEAAFB27E957D9000DDA40 /* RunViewController.swift in Sources */,
				8D5F9F292800875D009C3D78 /* RegisterViewController.swift in Sources */,
				FB9405B627D7E7B0009DB256 /* AppDelegate.swift in Sources */,
				8CAB74B32807641B00D96993 /* RouteBuilder.swift in Sources */,
				FB27BE9227E90D010012AB17 /* SettingsTableViewCell.swift in Sources */,
				2CDEAAF727E9556A000DDA40 /* PaceView.swift in Sources */,
				8CAB74BC2808E5E800D96993 /* UserData.swift in Sources */,
				8C035C4027EA5939004E269B /* PastRunViewController.swift in Sources */,
				FB0EE89627E97A81005AD4F7 /* StyledNavigationController.swift in Sources */,
				8C1AA56628222D86000E9B2E /* FriendTableViewCell.swift in Sources */,
				8DAF5A2627EA88720011B580 /* ProfileViewController.swift in Sources */,
				FB9405B827D7E7B0009DB256 /* SceneDelegate.swift in Sources */,
				FB27BE8D27E907DE0012AB17 /* SettingsViewController.swift in Sources */,
				8CAB74B12807641B00D96993 /* RouteSelectionViewController.swift in Sources */,
				2C3C19A32820B65900F74A64 /* RouteCell.swift in Sources */,
			);
			runOnlyForDeploymentPostprocessing = 0;
		};
/* End PBXSourcesBuildPhase section */

/* Begin PBXVariantGroup section */
		FB9405BB27D7E7B0009DB256 /* Main.storyboard */ = {
			isa = PBXVariantGroup;
			children = (
				FB9405BC27D7E7B0009DB256 /* Base */,
			);
			name = Main.storyboard;
			sourceTree = "<group>";
		};
		FB9405C327D7E7B1009DB256 /* LaunchScreen.storyboard */ = {
			isa = PBXVariantGroup;
			children = (
				FB9405C427D7E7B1009DB256 /* Base */,
			);
			name = LaunchScreen.storyboard;
			sourceTree = "<group>";
		};
/* End PBXVariantGroup section */

/* Begin XCBuildConfiguration section */
		FB9405C727D7E7B1009DB256 /* Debug */ = {
			isa = XCBuildConfiguration;
			buildSettings = {
				ALWAYS_SEARCH_USER_PATHS = NO;
				CLANG_ANALYZER_NONNULL = YES;
				CLANG_ANALYZER_NUMBER_OBJECT_CONVERSION = YES_AGGRESSIVE;
				CLANG_CXX_LANGUAGE_STANDARD = "gnu++17";
				CLANG_CXX_LIBRARY = "libc++";
				CLANG_ENABLE_MODULES = YES;
				CLANG_ENABLE_OBJC_ARC = YES;
				CLANG_ENABLE_OBJC_WEAK = YES;
				CLANG_WARN_BLOCK_CAPTURE_AUTORELEASING = YES;
				CLANG_WARN_BOOL_CONVERSION = YES;
				CLANG_WARN_COMMA = YES;
				CLANG_WARN_CONSTANT_CONVERSION = YES;
				CLANG_WARN_DEPRECATED_OBJC_IMPLEMENTATIONS = YES;
				CLANG_WARN_DIRECT_OBJC_ISA_USAGE = YES_ERROR;
				CLANG_WARN_DOCUMENTATION_COMMENTS = YES;
				CLANG_WARN_EMPTY_BODY = YES;
				CLANG_WARN_ENUM_CONVERSION = YES;
				CLANG_WARN_INFINITE_RECURSION = YES;
				CLANG_WARN_INT_CONVERSION = YES;
				CLANG_WARN_NON_LITERAL_NULL_CONVERSION = YES;
				CLANG_WARN_OBJC_IMPLICIT_RETAIN_SELF = YES;
				CLANG_WARN_OBJC_LITERAL_CONVERSION = YES;
				CLANG_WARN_OBJC_ROOT_CLASS = YES_ERROR;
				CLANG_WARN_QUOTED_INCLUDE_IN_FRAMEWORK_HEADER = YES;
				CLANG_WARN_RANGE_LOOP_ANALYSIS = YES;
				CLANG_WARN_STRICT_PROTOTYPES = YES;
				CLANG_WARN_SUSPICIOUS_MOVE = YES;
				CLANG_WARN_UNGUARDED_AVAILABILITY = YES_AGGRESSIVE;
				CLANG_WARN_UNREACHABLE_CODE = YES;
				CLANG_WARN__DUPLICATE_METHOD_MATCH = YES;
				COPY_PHASE_STRIP = NO;
				DEBUG_INFORMATION_FORMAT = dwarf;
				ENABLE_STRICT_OBJC_MSGSEND = YES;
				ENABLE_TESTABILITY = YES;
				GCC_C_LANGUAGE_STANDARD = gnu11;
				GCC_DYNAMIC_NO_PIC = NO;
				GCC_NO_COMMON_BLOCKS = YES;
				GCC_OPTIMIZATION_LEVEL = 0;
				GCC_PREPROCESSOR_DEFINITIONS = (
					"DEBUG=1",
					"$(inherited)",
				);
				GCC_WARN_64_TO_32_BIT_CONVERSION = YES;
				GCC_WARN_ABOUT_RETURN_TYPE = YES_ERROR;
				GCC_WARN_UNDECLARED_SELECTOR = YES;
				GCC_WARN_UNINITIALIZED_AUTOS = YES_AGGRESSIVE;
				GCC_WARN_UNUSED_FUNCTION = YES;
				GCC_WARN_UNUSED_VARIABLE = YES;
				IPHONEOS_DEPLOYMENT_TARGET = 15.0;
				MTL_ENABLE_DEBUG_INFO = INCLUDE_SOURCE;
				MTL_FAST_MATH = YES;
				ONLY_ACTIVE_ARCH = YES;
				SDKROOT = iphoneos;
				SWIFT_ACTIVE_COMPILATION_CONDITIONS = DEBUG;
				SWIFT_OPTIMIZATION_LEVEL = "-Onone";
			};
			name = Debug;
		};
		FB9405C827D7E7B1009DB256 /* Release */ = {
			isa = XCBuildConfiguration;
			buildSettings = {
				ALWAYS_SEARCH_USER_PATHS = NO;
				CLANG_ANALYZER_NONNULL = YES;
				CLANG_ANALYZER_NUMBER_OBJECT_CONVERSION = YES_AGGRESSIVE;
				CLANG_CXX_LANGUAGE_STANDARD = "gnu++17";
				CLANG_CXX_LIBRARY = "libc++";
				CLANG_ENABLE_MODULES = YES;
				CLANG_ENABLE_OBJC_ARC = YES;
				CLANG_ENABLE_OBJC_WEAK = YES;
				CLANG_WARN_BLOCK_CAPTURE_AUTORELEASING = YES;
				CLANG_WARN_BOOL_CONVERSION = YES;
				CLANG_WARN_COMMA = YES;
				CLANG_WARN_CONSTANT_CONVERSION = YES;
				CLANG_WARN_DEPRECATED_OBJC_IMPLEMENTATIONS = YES;
				CLANG_WARN_DIRECT_OBJC_ISA_USAGE = YES_ERROR;
				CLANG_WARN_DOCUMENTATION_COMMENTS = YES;
				CLANG_WARN_EMPTY_BODY = YES;
				CLANG_WARN_ENUM_CONVERSION = YES;
				CLANG_WARN_INFINITE_RECURSION = YES;
				CLANG_WARN_INT_CONVERSION = YES;
				CLANG_WARN_NON_LITERAL_NULL_CONVERSION = YES;
				CLANG_WARN_OBJC_IMPLICIT_RETAIN_SELF = YES;
				CLANG_WARN_OBJC_LITERAL_CONVERSION = YES;
				CLANG_WARN_OBJC_ROOT_CLASS = YES_ERROR;
				CLANG_WARN_QUOTED_INCLUDE_IN_FRAMEWORK_HEADER = YES;
				CLANG_WARN_RANGE_LOOP_ANALYSIS = YES;
				CLANG_WARN_STRICT_PROTOTYPES = YES;
				CLANG_WARN_SUSPICIOUS_MOVE = YES;
				CLANG_WARN_UNGUARDED_AVAILABILITY = YES_AGGRESSIVE;
				CLANG_WARN_UNREACHABLE_CODE = YES;
				CLANG_WARN__DUPLICATE_METHOD_MATCH = YES;
				COPY_PHASE_STRIP = NO;
				DEBUG_INFORMATION_FORMAT = "dwarf-with-dsym";
				ENABLE_NS_ASSERTIONS = NO;
				ENABLE_STRICT_OBJC_MSGSEND = YES;
				GCC_C_LANGUAGE_STANDARD = gnu11;
				GCC_NO_COMMON_BLOCKS = YES;
				GCC_WARN_64_TO_32_BIT_CONVERSION = YES;
				GCC_WARN_ABOUT_RETURN_TYPE = YES_ERROR;
				GCC_WARN_UNDECLARED_SELECTOR = YES;
				GCC_WARN_UNINITIALIZED_AUTOS = YES_AGGRESSIVE;
				GCC_WARN_UNUSED_FUNCTION = YES;
				GCC_WARN_UNUSED_VARIABLE = YES;
				IPHONEOS_DEPLOYMENT_TARGET = 15.0;
				MTL_ENABLE_DEBUG_INFO = NO;
				MTL_FAST_MATH = YES;
				SDKROOT = iphoneos;
				SWIFT_COMPILATION_MODE = wholemodule;
				SWIFT_OPTIMIZATION_LEVEL = "-O";
				VALIDATE_PRODUCT = YES;
			};
			name = Release;
		};
		FB9405CA27D7E7B1009DB256 /* Debug */ = {
			isa = XCBuildConfiguration;
			buildSettings = {
				ASSETCATALOG_COMPILER_APPICON_NAME = AppIcon;
				ASSETCATALOG_COMPILER_GLOBAL_ACCENT_COLOR_NAME = AccentColor;
				CODE_SIGN_STYLE = Automatic;
				CURRENT_PROJECT_VERSION = 1;
				DEVELOPMENT_TEAM = "";
				ENABLE_BITCODE = NO;
				GENERATE_INFOPLIST_FILE = YES;
				INFOPLIST_FILE = "Route Runner/Info.plist";
				INFOPLIST_KEY_UIApplicationSupportsIndirectInputEvents = YES;
				INFOPLIST_KEY_UILaunchStoryboardName = LaunchScreen;
				INFOPLIST_KEY_UIMainStoryboardFile = Main;
				INFOPLIST_KEY_UISupportedInterfaceOrientations = UIInterfaceOrientationPortrait;
				INFOPLIST_KEY_UISupportedInterfaceOrientations_iPad = "UIInterfaceOrientationPortrait UIInterfaceOrientationPortraitUpsideDown UIInterfaceOrientationLandscapeLeft UIInterfaceOrientationLandscapeRight";
				INFOPLIST_KEY_UISupportedInterfaceOrientations_iPhone = "UIInterfaceOrientationPortrait UIInterfaceOrientationLandscapeLeft UIInterfaceOrientationLandscapeRight";
				LD_RUNPATH_SEARCH_PATHS = (
					"$(inherited)",
					"@executable_path/Frameworks",
				);
				MARKETING_VERSION = 1.0;
				PRODUCT_BUNDLE_IDENTIFIER = "cs371l-routerunner.Route-Runner";
				PRODUCT_NAME = "$(TARGET_NAME)";
				SWIFT_EMIT_LOC_STRINGS = YES;
				SWIFT_VERSION = 5.0;
				TARGETED_DEVICE_FAMILY = "1,2";
			};
			name = Debug;
		};
		FB9405CB27D7E7B1009DB256 /* Release */ = {
			isa = XCBuildConfiguration;
			buildSettings = {
				ASSETCATALOG_COMPILER_APPICON_NAME = AppIcon;
				ASSETCATALOG_COMPILER_GLOBAL_ACCENT_COLOR_NAME = AccentColor;
				CODE_SIGN_STYLE = Automatic;
				CURRENT_PROJECT_VERSION = 1;
				DEVELOPMENT_TEAM = "";
				ENABLE_BITCODE = NO;
				GENERATE_INFOPLIST_FILE = YES;
				INFOPLIST_FILE = "Route Runner/Info.plist";
				INFOPLIST_KEY_UIApplicationSupportsIndirectInputEvents = YES;
				INFOPLIST_KEY_UILaunchStoryboardName = LaunchScreen;
				INFOPLIST_KEY_UIMainStoryboardFile = Main;
				INFOPLIST_KEY_UISupportedInterfaceOrientations = UIInterfaceOrientationPortrait;
				INFOPLIST_KEY_UISupportedInterfaceOrientations_iPad = "UIInterfaceOrientationPortrait UIInterfaceOrientationPortraitUpsideDown UIInterfaceOrientationLandscapeLeft UIInterfaceOrientationLandscapeRight";
				INFOPLIST_KEY_UISupportedInterfaceOrientations_iPhone = "UIInterfaceOrientationPortrait UIInterfaceOrientationLandscapeLeft UIInterfaceOrientationLandscapeRight";
				LD_RUNPATH_SEARCH_PATHS = (
					"$(inherited)",
					"@executable_path/Frameworks",
				);
				MARKETING_VERSION = 1.0;
				PRODUCT_BUNDLE_IDENTIFIER = "cs371l-routerunner.Route-Runner";
				PRODUCT_NAME = "$(TARGET_NAME)";
				SWIFT_EMIT_LOC_STRINGS = YES;
				SWIFT_VERSION = 5.0;
				TARGETED_DEVICE_FAMILY = "1,2";
			};
			name = Release;
		};
/* End XCBuildConfiguration section */

/* Begin XCConfigurationList section */
		FB9405AD27D7E7B0009DB256 /* Build configuration list for PBXProject "Route Runner" */ = {
			isa = XCConfigurationList;
			buildConfigurations = (
				FB9405C727D7E7B1009DB256 /* Debug */,
				FB9405C827D7E7B1009DB256 /* Release */,
			);
			defaultConfigurationIsVisible = 0;
			defaultConfigurationName = Release;
		};
		FB9405C927D7E7B1009DB256 /* Build configuration list for PBXNativeTarget "Route Runner" */ = {
			isa = XCConfigurationList;
			buildConfigurations = (
				FB9405CA27D7E7B1009DB256 /* Debug */,
				FB9405CB27D7E7B1009DB256 /* Release */,
			);
			defaultConfigurationIsVisible = 0;
			defaultConfigurationName = Release;
		};
/* End XCConfigurationList section */

/* Begin XCRemoteSwiftPackageReference section */
		8D5F9EEC27FF6F91009C3D78 /* XCRemoteSwiftPackageReference "firebase-ios-sdk" */ = {
			isa = XCRemoteSwiftPackageReference;
			repositoryURL = "https://github.com/firebase/firebase-ios-sdk";
			requirement = {
				kind = upToNextMajorVersion;
				minimumVersion = 8.0.0;
			};
		};
/* End XCRemoteSwiftPackageReference section */

/* Begin XCSwiftPackageProductDependency section */
		8D5F9EED27FF6F91009C3D78 /* FirebaseAnalytics */ = {
			isa = XCSwiftPackageProductDependency;
			package = 8D5F9EEC27FF6F91009C3D78 /* XCRemoteSwiftPackageReference "firebase-ios-sdk" */;
			productName = FirebaseAnalytics;
		};
		8D5F9EEF27FF6F91009C3D78 /* FirebaseAnalyticsSwift-Beta */ = {
			isa = XCSwiftPackageProductDependency;
			package = 8D5F9EEC27FF6F91009C3D78 /* XCRemoteSwiftPackageReference "firebase-ios-sdk" */;
			productName = "FirebaseAnalyticsSwift-Beta";
		};
		8D5F9EF127FF6F91009C3D78 /* FirebaseAnalyticsWithoutAdIdSupport */ = {
			isa = XCSwiftPackageProductDependency;
			package = 8D5F9EEC27FF6F91009C3D78 /* XCRemoteSwiftPackageReference "firebase-ios-sdk" */;
			productName = FirebaseAnalyticsWithoutAdIdSupport;
		};
		8D5F9EF327FF6F91009C3D78 /* FirebaseAppCheck */ = {
			isa = XCSwiftPackageProductDependency;
			package = 8D5F9EEC27FF6F91009C3D78 /* XCRemoteSwiftPackageReference "firebase-ios-sdk" */;
			productName = FirebaseAppCheck;
		};
		8D5F9EF527FF6F91009C3D78 /* FirebaseAppDistribution-Beta */ = {
			isa = XCSwiftPackageProductDependency;
			package = 8D5F9EEC27FF6F91009C3D78 /* XCRemoteSwiftPackageReference "firebase-ios-sdk" */;
			productName = "FirebaseAppDistribution-Beta";
		};
		8D5F9EF727FF6F91009C3D78 /* FirebaseAuth */ = {
			isa = XCSwiftPackageProductDependency;
			package = 8D5F9EEC27FF6F91009C3D78 /* XCRemoteSwiftPackageReference "firebase-ios-sdk" */;
			productName = FirebaseAuth;
		};
		8D5F9EF927FF6F91009C3D78 /* FirebaseAuthCombine-Community */ = {
			isa = XCSwiftPackageProductDependency;
			package = 8D5F9EEC27FF6F91009C3D78 /* XCRemoteSwiftPackageReference "firebase-ios-sdk" */;
			productName = "FirebaseAuthCombine-Community";
		};
		8D5F9EFB27FF6F91009C3D78 /* FirebaseCrashlytics */ = {
			isa = XCSwiftPackageProductDependency;
			package = 8D5F9EEC27FF6F91009C3D78 /* XCRemoteSwiftPackageReference "firebase-ios-sdk" */;
			productName = FirebaseCrashlytics;
		};
		8D5F9EFD27FF6F91009C3D78 /* FirebaseDatabase */ = {
			isa = XCSwiftPackageProductDependency;
			package = 8D5F9EEC27FF6F91009C3D78 /* XCRemoteSwiftPackageReference "firebase-ios-sdk" */;
			productName = FirebaseDatabase;
		};
		8D5F9EFF27FF6F91009C3D78 /* FirebaseDatabaseSwift-Beta */ = {
			isa = XCSwiftPackageProductDependency;
			package = 8D5F9EEC27FF6F91009C3D78 /* XCRemoteSwiftPackageReference "firebase-ios-sdk" */;
			productName = "FirebaseDatabaseSwift-Beta";
		};
		8D5F9F0127FF6F91009C3D78 /* FirebaseDynamicLinks */ = {
			isa = XCSwiftPackageProductDependency;
			package = 8D5F9EEC27FF6F91009C3D78 /* XCRemoteSwiftPackageReference "firebase-ios-sdk" */;
			productName = FirebaseDynamicLinks;
		};
		8D5F9F0327FF6F91009C3D78 /* FirebaseFirestore */ = {
			isa = XCSwiftPackageProductDependency;
			package = 8D5F9EEC27FF6F91009C3D78 /* XCRemoteSwiftPackageReference "firebase-ios-sdk" */;
			productName = FirebaseFirestore;
		};
		8D5F9F0527FF6F91009C3D78 /* FirebaseFirestoreCombine-Community */ = {
			isa = XCSwiftPackageProductDependency;
			package = 8D5F9EEC27FF6F91009C3D78 /* XCRemoteSwiftPackageReference "firebase-ios-sdk" */;
			productName = "FirebaseFirestoreCombine-Community";
		};
		8D5F9F0727FF6F91009C3D78 /* FirebaseFirestoreSwift-Beta */ = {
			isa = XCSwiftPackageProductDependency;
			package = 8D5F9EEC27FF6F91009C3D78 /* XCRemoteSwiftPackageReference "firebase-ios-sdk" */;
			productName = "FirebaseFirestoreSwift-Beta";
		};
		8D5F9F0927FF6F91009C3D78 /* FirebaseFunctions */ = {
			isa = XCSwiftPackageProductDependency;
			package = 8D5F9EEC27FF6F91009C3D78 /* XCRemoteSwiftPackageReference "firebase-ios-sdk" */;
			productName = FirebaseFunctions;
		};
		8D5F9F0B27FF6F91009C3D78 /* FirebaseFunctionsCombine-Community */ = {
			isa = XCSwiftPackageProductDependency;
			package = 8D5F9EEC27FF6F91009C3D78 /* XCRemoteSwiftPackageReference "firebase-ios-sdk" */;
			productName = "FirebaseFunctionsCombine-Community";
		};
		8D5F9F0D27FF6F91009C3D78 /* FirebaseFunctionsSwift-Beta */ = {
			isa = XCSwiftPackageProductDependency;
			package = 8D5F9EEC27FF6F91009C3D78 /* XCRemoteSwiftPackageReference "firebase-ios-sdk" */;
			productName = "FirebaseFunctionsSwift-Beta";
		};
		8D5F9F0F27FF6F91009C3D78 /* FirebaseInAppMessaging-Beta */ = {
			isa = XCSwiftPackageProductDependency;
			package = 8D5F9EEC27FF6F91009C3D78 /* XCRemoteSwiftPackageReference "firebase-ios-sdk" */;
			productName = "FirebaseInAppMessaging-Beta";
		};
		8D5F9F1127FF6F91009C3D78 /* FirebaseInAppMessagingSwift-Beta */ = {
			isa = XCSwiftPackageProductDependency;
			package = 8D5F9EEC27FF6F91009C3D78 /* XCRemoteSwiftPackageReference "firebase-ios-sdk" */;
			productName = "FirebaseInAppMessagingSwift-Beta";
		};
		8D5F9F1327FF6F91009C3D78 /* FirebaseInstallations */ = {
			isa = XCSwiftPackageProductDependency;
			package = 8D5F9EEC27FF6F91009C3D78 /* XCRemoteSwiftPackageReference "firebase-ios-sdk" */;
			productName = FirebaseInstallations;
		};
		8D5F9F1527FF6F91009C3D78 /* FirebaseMLModelDownloader */ = {
			isa = XCSwiftPackageProductDependency;
			package = 8D5F9EEC27FF6F91009C3D78 /* XCRemoteSwiftPackageReference "firebase-ios-sdk" */;
			productName = FirebaseMLModelDownloader;
		};
		8D5F9F1727FF6F91009C3D78 /* FirebaseMessaging */ = {
			isa = XCSwiftPackageProductDependency;
			package = 8D5F9EEC27FF6F91009C3D78 /* XCRemoteSwiftPackageReference "firebase-ios-sdk" */;
			productName = FirebaseMessaging;
		};
		8D5F9F1927FF6F91009C3D78 /* FirebasePerformance */ = {
			isa = XCSwiftPackageProductDependency;
			package = 8D5F9EEC27FF6F91009C3D78 /* XCRemoteSwiftPackageReference "firebase-ios-sdk" */;
			productName = FirebasePerformance;
		};
		8D5F9F1B27FF6F92009C3D78 /* FirebaseRemoteConfig */ = {
			isa = XCSwiftPackageProductDependency;
			package = 8D5F9EEC27FF6F91009C3D78 /* XCRemoteSwiftPackageReference "firebase-ios-sdk" */;
			productName = FirebaseRemoteConfig;
		};
		8D5F9F1D27FF6F92009C3D78 /* FirebaseRemoteConfigSwift-Beta */ = {
			isa = XCSwiftPackageProductDependency;
			package = 8D5F9EEC27FF6F91009C3D78 /* XCRemoteSwiftPackageReference "firebase-ios-sdk" */;
			productName = "FirebaseRemoteConfigSwift-Beta";
		};
		8D5F9F1F27FF6F92009C3D78 /* FirebaseStorage */ = {
			isa = XCSwiftPackageProductDependency;
			package = 8D5F9EEC27FF6F91009C3D78 /* XCRemoteSwiftPackageReference "firebase-ios-sdk" */;
			productName = FirebaseStorage;
		};
		8D5F9F2127FF6F92009C3D78 /* FirebaseStorageCombine-Community */ = {
			isa = XCSwiftPackageProductDependency;
			package = 8D5F9EEC27FF6F91009C3D78 /* XCRemoteSwiftPackageReference "firebase-ios-sdk" */;
			productName = "FirebaseStorageCombine-Community";
		};
		8D5F9F2327FF6F92009C3D78 /* FirebaseStorageSwift-Beta */ = {
			isa = XCSwiftPackageProductDependency;
			package = 8D5F9EEC27FF6F91009C3D78 /* XCRemoteSwiftPackageReference "firebase-ios-sdk" */;
			productName = "FirebaseStorageSwift-Beta";
		};
/* End XCSwiftPackageProductDependency section */

/* Begin XCVersionGroup section */
		FB9405BE27D7E7B0009DB256 /* Route_Runner.xcdatamodeld */ = {
			isa = XCVersionGroup;
			children = (
				FB9405BF27D7E7B0009DB256 /* Route_Runner.xcdatamodel */,
			);
			currentVersion = FB9405BF27D7E7B0009DB256 /* Route_Runner.xcdatamodel */;
			path = Route_Runner.xcdatamodeld;
			sourceTree = "<group>";
			versionGroupType = wrapper.xcdatamodel;
		};
/* End XCVersionGroup section */
	};
	rootObject = FB9405AA27D7E7B0009DB256 /* Project object */;
}
